
Microsoft Visual Studio Solution File, Format Version 12.00
# Visual Studio Version 17
VisualStudioVersion = 17.5.33502.453
MinimumVisualStudioVersion = 10.0.40219.1
Project("{FAE04EC0-301F-11D3-BF4B-00C04F79EFBC}") = "IPass", "IPass\IPass.csproj", "{984D8DE5-7F2C-4DD6-A513-1AD9B4017344}"
EndProject
Global
	GlobalSection(SolutionConfigurationPlatforms) = preSolution
		Debug|Any CPU = Debug|Any CPU
		Release|Any CPU = Release|Any CPU
	EndGlobalSection
	GlobalSection(ProjectConfigurationPlatforms) = postSolution
		{984D8DE5-7F2C-4DD6-A513-1AD9B4017344}.Debug|Any CPU.ActiveCfg = Debug|Any CPU
		{984D8DE5-7F2C-4DD6-A513-1AD9B4017344}.Debug|Any CPU.Build.0 = Debug|Any CPU
		{984D8DE5-7F2C-4DD6-A513-1AD9B4017344}.Release|Any CPU.ActiveCfg = Release|Any CPU
		{984D8DE5-7F2C-4DD6-A513-1AD9B4017344}.Release|Any CPU.Build.0 = Release|Any CPU
	EndGlobalSection
	GlobalSection(SolutionProperties) = preSolution
		HideSolutionNode = FALSE
	EndGlobalSection
	GlobalSection(ExtensibilityGlobals) = postSolution
		SolutionGuid = {C4D979C0-9DC6-4948-A240-FDEFCCC0C220}
	EndGlobalSection
EndGlobal
